// !$*UTF8*$!
{
	archiveVersion = 1;
	classes = {
	};
	objectVersion = 56;
	objects = {

/* Begin PBXBuildFile section */
		AD3EC6F72C37ADFC00E2AAF7 /* KSLearningApp.swift in Sources */ = {isa = PBXBuildFile; fileRef = AD3EC6F62C37ADFC00E2AAF7 /* KSLearningApp.swift */; };
		AD3EC6F92C37ADFC00E2AAF7 /* ContentView.swift in Sources */ = {isa = PBXBuildFile; fileRef = AD3EC6F82C37ADFC00E2AAF7 /* ContentView.swift */; };
		AD3EC6FB2C37ADFE00E2AAF7 /* Assets.xcassets in Resources */ = {isa = PBXBuildFile; fileRef = AD3EC6FA2C37ADFE00E2AAF7 /* Assets.xcassets */; };
		AD3EC6FE2C37ADFE00E2AAF7 /* Preview Assets.xcassets in Resources */ = {isa = PBXBuildFile; fileRef = AD3EC6FD2C37ADFE00E2AAF7 /* Preview Assets.xcassets */; };
		AD3EC7222C37AF2300E2AAF7 /* BubbleTabBar.swift in Sources */ = {isa = PBXBuildFile; fileRef = AD3EC7212C37AF2300E2AAF7 /* BubbleTabBar.swift */; };
/* End PBXBuildFile section */

/* Begin PBXContainerItemProxy section */
		AD3EC7042C37ADFE00E2AAF7 /* PBXContainerItemProxy */ = {
			isa = PBXContainerItemProxy;
			containerPortal = AD3EC6EB2C37ADFC00E2AAF7 /* Project object */;
			proxyType = 1;
			remoteGlobalIDString = AD3EC6F22C37ADFC00E2AAF7;
			remoteInfo = KSLearning;
		};
		AD3EC70E2C37ADFE00E2AAF7 /* PBXContainerItemProxy */ = {
			isa = PBXContainerItemProxy;
			containerPortal = AD3EC6EB2C37ADFC00E2AAF7 /* Project object */;
			proxyType = 1;
			remoteGlobalIDString = AD3EC6F22C37ADFC00E2AAF7;
			remoteInfo = KSLearning;
		};
/* End PBXContainerItemProxy section */

/* Begin PBXFileReference section */
		AD3EC6F32C37ADFC00E2AAF7 /* KSLearning.app */ = {isa = PBXFileReference; explicitFileType = wrapper.application; includeInIndex = 0; path = KSLearning.app; sourceTree = BUILT_PRODUCTS_DIR; };
		AD3EC6F62C37ADFC00E2AAF7 /* KSLearningApp.swift */ = {isa = PBXFileReference; lastKnownFileType = sourcecode.swift; path = KSLearningApp.swift; sourceTree = "<group>"; };
		AD3EC6F82C37ADFC00E2AAF7 /* ContentView.swift */ = {isa = PBXFileReference; lastKnownFileType = sourcecode.swift; path = ContentView.swift; sourceTree = "<group>"; };
		AD3EC6FA2C37ADFE00E2AAF7 /* Assets.xcassets */ = {isa = PBXFileReference; lastKnownFileType = folder.assetcatalog; path = Assets.xcassets; sourceTree = "<group>"; };
		AD3EC6FD2C37ADFE00E2AAF7 /* Preview Assets.xcassets */ = {isa = PBXFileReference; lastKnownFileType = folder.assetcatalog; path = "Preview Assets.xcassets"; sourceTree = "<group>"; };
		AD3EC7032C37ADFE00E2AAF7 /* KSLearningTests.xctest */ = {isa = PBXFileReference; explicitFileType = wrapper.cfbundle; includeInIndex = 0; path = KSLearningTests.xctest; sourceTree = BUILT_PRODUCTS_DIR; };
		AD3EC70D2C37ADFE00E2AAF7 /* KSLearningUITests.xctest */ = {isa = PBXFileReference; explicitFileType = wrapper.cfbundle; includeInIndex = 0; path = KSLearningUITests.xctest; sourceTree = BUILT_PRODUCTS_DIR; };
		AD3EC7212C37AF2300E2AAF7 /* BubbleTabBar.swift */ = {isa = PBXFileReference; lastKnownFileType = sourcecode.swift; path = BubbleTabBar.swift; sourceTree = "<group>"; };
/* End PBXFileReference section */

/* Begin PBXFrameworksBuildPhase section */
		AD3EC6F02C37ADFC00E2AAF7 /* Frameworks */ = {
			isa = PBXFrameworksBuildPhase;
			buildActionMask = 2147483647;
			files = (
			);
			runOnlyForDeploymentPostprocessing = 0;
		};
		AD3EC7002C37ADFE00E2AAF7 /* Frameworks */ = {
			isa = PBXFrameworksBuildPhase;
			buildActionMask = 2147483647;
			files = (
			);
			runOnlyForDeploymentPostprocessing = 0;
		};
		AD3EC70A2C37ADFE00E2AAF7 /* Frameworks */ = {
			isa = PBXFrameworksBuildPhase;
			buildActionMask = 2147483647;
			files = (
			);
			runOnlyForDeploymentPostprocessing = 0;
		};
/* End PBXFrameworksBuildPhase section */

/* Begin PBXGroup section */
		AD3EC6EA2C37ADFC00E2AAF7 = {
			isa = PBXGroup;
			children = (
				AD3EC6F52C37ADFC00E2AAF7 /* KSLearning */,
				AD3EC6F42C37ADFC00E2AAF7 /* Products */,
			);
			sourceTree = "<group>";
		};
		AD3EC6F42C37ADFC00E2AAF7 /* Products */ = {
			isa = PBXGroup;
			children = (
				AD3EC6F32C37ADFC00E2AAF7 /* KSLearning.app */,
				AD3EC7032C37ADFE00E2AAF7 /* KSLearningTests.xctest */,
				AD3EC70D2C37ADFE00E2AAF7 /* KSLearningUITests.xctest */,
			);
			name = Products;
			sourceTree = "<group>";
		};
		AD3EC6F52C37ADFC00E2AAF7 /* KSLearning */ = {
			isa = PBXGroup;
			children = (
				AD3EC7202C37AEFE00E2AAF7 /* BubbleTabBar */,
				AD3EC6F62C37ADFC00E2AAF7 /* KSLearningApp.swift */,
				AD3EC6F82C37ADFC00E2AAF7 /* ContentView.swift */,
				AD3EC6FA2C37ADFE00E2AAF7 /* Assets.xcassets */,
				AD3EC6FC2C37ADFE00E2AAF7 /* Preview Content */,
			);
			path = KSLearning;
			sourceTree = "<group>";
		};
		AD3EC6FC2C37ADFE00E2AAF7 /* Preview Content */ = {
			isa = PBXGroup;
			children = (
				AD3EC6FD2C37ADFE00E2AAF7 /* Preview Assets.xcassets */,
			);
			path = "Preview Content";
			sourceTree = "<group>";
		};
		AD3EC7202C37AEFE00E2AAF7 /* BubbleTabBar */ = {
			isa = PBXGroup;
			children = (
				AD3EC7212C37AF2300E2AAF7 /* BubbleTabBar.swift */,
			);
			path = BubbleTabBar;
			sourceTree = "<group>";
		};
/* End PBXGroup section */

/* Begin PBXNativeTarget section */
		AD3EC6F22C37ADFC00E2AAF7 /* KSLearning */ = {
			isa = PBXNativeTarget;
			buildConfigurationList = AD3EC7172C37ADFE00E2AAF7 /* Build configuration list for PBXNativeTarget "KSLearning" */;
			buildPhases = (
				AD3EC6EF2C37ADFC00E2AAF7 /* Sources */,
				AD3EC6F02C37ADFC00E2AAF7 /* Frameworks */,
				AD3EC6F12C37ADFC00E2AAF7 /* Resources */,
			);
			buildRules = (
			);
			dependencies = (
			);
			name = KSLearning;
			productName = KSLearning;
			productReference = AD3EC6F32C37ADFC00E2AAF7 /* KSLearning.app */;
			productType = "com.apple.product-type.application";
		};
		AD3EC7022C37ADFE00E2AAF7 /* KSLearningTests */ = {
			isa = PBXNativeTarget;
			buildConfigurationList = AD3EC71A2C37ADFE00E2AAF7 /* Build configuration list for PBXNativeTarget "KSLearningTests" */;
			buildPhases = (
				AD3EC6FF2C37ADFE00E2AAF7 /* Sources */,
				AD3EC7002C37ADFE00E2AAF7 /* Frameworks */,
				AD3EC7012C37ADFE00E2AAF7 /* Resources */,
			);
			buildRules = (
			);
			dependencies = (
				AD3EC7052C37ADFE00E2AAF7 /* PBXTargetDependency */,
			);
			name = KSLearningTests;
			productName = KSLearningTests;
			productReference = AD3EC7032C37ADFE00E2AAF7 /* KSLearningTests.xctest */;
			productType = "com.apple.product-type.bundle.unit-test";
		};
		AD3EC70C2C37ADFE00E2AAF7 /* KSLearningUITests */ = {
			isa = PBXNativeTarget;
			buildConfigurationList = AD3EC71D2C37ADFE00E2AAF7 /* Build configuration list for PBXNativeTarget "KSLearningUITests" */;
			buildPhases = (
				AD3EC7092C37ADFE00E2AAF7 /* Sources */,
				AD3EC70A2C37ADFE00E2AAF7 /* Frameworks */,
				AD3EC70B2C37ADFE00E2AAF7 /* Resources */,
			);
			buildRules = (
			);
			dependencies = (
				AD3EC70F2C37ADFE00E2AAF7 /* PBXTargetDependency */,
			);
			name = KSLearningUITests;
			productName = KSLearningUITests;
			productReference = AD3EC70D2C37ADFE00E2AAF7 /* KSLearningUITests.xctest */;
			productType = "com.apple.product-type.bundle.ui-testing";
		};
/* End PBXNativeTarget section */

/* Begin PBXProject section */
		AD3EC6EB2C37ADFC00E2AAF7 /* Project object */ = {
			isa = PBXProject;
			attributes = {
				BuildIndependentTargetsInParallel = 1;
				LastSwiftUpdateCheck = 1520;
				LastUpgradeCheck = 1520;
				TargetAttributes = {
					AD3EC6F22C37ADFC00E2AAF7 = {
						CreatedOnToolsVersion = 15.2;
					};
					AD3EC7022C37ADFE00E2AAF7 = {
						CreatedOnToolsVersion = 15.2;
						TestTargetID = AD3EC6F22C37ADFC00E2AAF7;
					};
					AD3EC70C2C37ADFE00E2AAF7 = {
						CreatedOnToolsVersion = 15.2;
						TestTargetID = AD3EC6F22C37ADFC00E2AAF7;
					};
				};
			};
			buildConfigurationList = AD3EC6EE2C37ADFC00E2AAF7 /* Build configuration list for PBXProject "KSLearning" */;
			compatibilityVersion = "Xcode 14.0";
			developmentRegion = en;
			hasScannedForEncodings = 0;
			knownRegions = (
				en,
				Base,
			);
			mainGroup = AD3EC6EA2C37ADFC00E2AAF7;
			productRefGroup = AD3EC6F42C37ADFC00E2AAF7 /* Products */;
			projectDirPath = "";
			projectRoot = "";
			targets = (
				AD3EC6F22C37ADFC00E2AAF7 /* KSLearning */,
				AD3EC7022C37ADFE00E2AAF7 /* KSLearningTests */,
				AD3EC70C2C37ADFE00E2AAF7 /* KSLearningUITests */,
			);
		};
/* End PBXProject section */

/* Begin PBXResourcesBuildPhase section */
		AD3EC6F12C37ADFC00E2AAF7 /* Resources */ = {
			isa = PBXResourcesBuildPhase;
			buildActionMask = 2147483647;
			files = (
				AD3EC6FE2C37ADFE00E2AAF7 /* Preview Assets.xcassets in Resources */,
				AD3EC6FB2C37ADFE00E2AAF7 /* Assets.xcassets in Resources */,
			);
			runOnlyForDeploymentPostprocessing = 0;
		};
		AD3EC7012C37ADFE00E2AAF7 /* Resources */ = {
			isa = PBXResourcesBuildPhase;
			buildActionMask = 2147483647;
			files = (
			);
			runOnlyForDeploymentPostprocessing = 0;
		};
		AD3EC70B2C37ADFE00E2AAF7 /* Resources */ = {
			isa = PBXResourcesBuildPhase;
			buildActionMask = 2147483647;
			files = (
			);
			runOnlyForDeploymentPostprocessing = 0;
		};
/* End PBXResourcesBuildPhase section */

/* Begin PBXSourcesBuildPhase section */
		AD3EC6EF2C37ADFC00E2AAF7 /* Sources */ = {
			isa = PBXSourcesBuildPhase;
			buildActionMask = 2147483647;
			files = (
				AD3EC7222C37AF2300E2AAF7 /* BubbleTabBar.swift in Sources */,
				AD3EC6F92C37ADFC00E2AAF7 /* ContentView.swift in Sources */,
				AD3EC6F72C37ADFC00E2AAF7 /* KSLearningApp.swift in Sources */,
			);
			runOnlyForDeploymentPostprocessing = 0;
		};
		AD3EC6FF2C37ADFE00E2AAF7 /* Sources */ = {
			isa = PBXSourcesBuildPhase;
			buildActionMask = 2147483647;
			files = (
			);
			runOnlyForDeploymentPostprocessing = 0;
		};
		AD3EC7092C37ADFE00E2AAF7 /* Sources */ = {
			isa = PBXSourcesBuildPhase;
			buildActionMask = 2147483647;
			files = (
			);
			runOnlyForDeploymentPostprocessing = 0;
		};
/* End PBXSourcesBuildPhase section */

/* Begin PBXTargetDependency section */
		AD3EC7052C37ADFE00E2AAF7 /* PBXTargetDependency */ = {
			isa = PBXTargetDependency;
			target = AD3EC6F22C37ADFC00E2AAF7 /* KSLearning */;
			targetProxy = AD3EC7042C37ADFE00E2AAF7 /* PBXContainerItemProxy */;
		};
		AD3EC70F2C37ADFE00E2AAF7 /* PBXTargetDependency */ = {
			isa = PBXTargetDependency;
			target = AD3EC6F22C37ADFC00E2AAF7 /* KSLearning */;
			targetProxy = AD3EC70E2C37ADFE00E2AAF7 /* PBXContainerItemProxy */;
		};
/* End PBXTargetDependency section */

/* Begin XCBuildConfiguration section */
		AD3EC7152C37ADFE00E2AAF7 /* Debug */ = {
			isa = XCBuildConfiguration;
			buildSettings = {
				ALWAYS_SEARCH_USER_PATHS = NO;
				ASSETCATALOG_COMPILER_GENERATE_SWIFT_ASSET_SYMBOL_EXTENSIONS = YES;
				CLANG_ANALYZER_NONNULL = YES;
				CLANG_ANALYZER_NUMBER_OBJECT_CONVERSION = YES_AGGRESSIVE;
				CLANG_CXX_LANGUAGE_STANDARD = "gnu++20";
				CLANG_ENABLE_MODULES = YES;
				CLANG_ENABLE_OBJC_ARC = YES;
				CLANG_ENABLE_OBJC_WEAK = YES;
				CLANG_WARN_BLOCK_CAPTURE_AUTORELEASING = YES;
				CLANG_WARN_BOOL_CONVERSION = YES;
				CLANG_WARN_COMMA = YES;
				CLANG_WARN_CONSTANT_CONVERSION = YES;
				CLANG_WARN_DEPRECATED_OBJC_IMPLEMENTATIONS = YES;
				CLANG_WARN_DIRECT_OBJC_ISA_USAGE = YES_ERROR;
				CLANG_WARN_DOCUMENTATION_COMMENTS = YES;
				CLANG_WARN_EMPTY_BODY = YES;
				CLANG_WARN_ENUM_CONVERSION = YES;
				CLANG_WARN_INFINITE_RECURSION = YES;
				CLANG_WARN_INT_CONVERSION = YES;
				CLANG_WARN_NON_LITERAL_NULL_CONVERSION = YES;
				CLANG_WARN_OBJC_IMPLICIT_RETAIN_SELF = YES;
				CLANG_WARN_OBJC_LITERAL_CONVERSION = YES;
				CLANG_WARN_OBJC_ROOT_CLASS = YES_ERROR;
				CLANG_WARN_QUOTED_INCLUDE_IN_FRAMEWORK_HEADER = YES;
				CLANG_WARN_RANGE_LOOP_ANALYSIS = YES;
				CLANG_WARN_STRICT_PROTOTYPES = YES;
				CLANG_WARN_SUSPICIOUS_MOVE = YES;
				CLANG_WARN_UNGUARDED_AVAILABILITY = YES_AGGRESSIVE;
				CLANG_WARN_UNREACHABLE_CODE = YES;
				CLANG_WARN__DUPLICATE_METHOD_MATCH = YES;
				COPY_PHASE_STRIP = NO;
				DEBUG_INFORMATION_FORMAT = dwarf;
				ENABLE_STRICT_OBJC_MSGSEND = YES;
				ENABLE_TESTABILITY = YES;
				ENABLE_USER_SCRIPT_SANDBOXING = YES;
				GCC_C_LANGUAGE_STANDARD = gnu17;
				GCC_DYNAMIC_NO_PIC = NO;
				GCC_NO_COMMON_BLOCKS = YES;
				GCC_OPTIMIZATION_LEVEL = 0;
				GCC_PREPROCESSOR_DEFINITIONS = (
					"DEBUG=1",
					"$(inherited)",
				);
				GCC_WARN_64_TO_32_BIT_CONVERSION = YES;
				GCC_WARN_ABOUT_RETURN_TYPE = YES_ERROR;
				GCC_WARN_UNDECLARED_SELECTOR = YES;
				GCC_WARN_UNINITIALIZED_AUTOS = YES_AGGRESSIVE;
				GCC_WARN_UNUSED_FUNCTION = YES;
				GCC_WARN_UNUSED_VARIABLE = YES;
				IPHONEOS_DEPLOYMENT_TARGET = 17.2;
				LOCALIZATION_PREFERS_STRING_CATALOGS = YES;
				MTL_ENABLE_DEBUG_INFO = INCLUDE_SOURCE;
				MTL_FAST_MATH = YES;
				ONLY_ACTIVE_ARCH = YES;
				SDKROOT = iphoneos;
				SWIFT_ACTIVE_COMPILATION_CONDITIONS = "DEBUG $(inherited)";
				SWIFT_OPTIMIZATION_LEVEL = "-Onone";
			};
			name = Debug;
		};
		AD3EC7162C37ADFE00E2AAF7 /* Release */ = {
			isa = XCBuildConfiguration;
			buildSettings = {
				ALWAYS_SEARCH_USER_PATHS = NO;
				ASSETCATALOG_COMPILER_GENERATE_SWIFT_ASSET_SYMBOL_EXTENSIONS = YES;
				CLANG_ANALYZER_NONNULL = YES;
				CLANG_ANALYZER_NUMBER_OBJECT_CONVERSION = YES_AGGRESSIVE;
				CLANG_CXX_LANGUAGE_STANDARD = "gnu++20";
				CLANG_ENABLE_MODULES = YES;
				CLANG_ENABLE_OBJC_ARC = YES;
				CLANG_ENABLE_OBJC_WEAK = YES;
				CLANG_WARN_BLOCK_CAPTURE_AUTORELEASING = YES;
				CLANG_WARN_BOOL_CONVERSION = YES;
				CLANG_WARN_COMMA = YES;
				CLANG_WARN_CONSTANT_CONVERSION = YES;
				CLANG_WARN_DEPRECATED_OBJC_IMPLEMENTATIONS = YES;
				CLANG_WARN_DIRECT_OBJC_ISA_USAGE = YES_ERROR;
				CLANG_WARN_DOCUMENTATION_COMMENTS = YES;
				CLANG_WARN_EMPTY_BODY = YES;
				CLANG_WARN_ENUM_CONVERSION = YES;
				CLANG_WARN_INFINITE_RECURSION = YES;
				CLANG_WARN_INT_CONVERSION = YES;
				CLANG_WARN_NON_LITERAL_NULL_CONVERSION = YES;
				CLANG_WARN_OBJC_IMPLICIT_RETAIN_SELF = YES;
				CLANG_WARN_OBJC_LITERAL_CONVERSION = YES;
				CLANG_WARN_OBJC_ROOT_CLASS = YES_ERROR;
				CLANG_WARN_QUOTED_INCLUDE_IN_FRAMEWORK_HEADER = YES;
				CLANG_WARN_RANGE_LOOP_ANALYSIS = YES;
				CLANG_WARN_STRICT_PROTOTYPES = YES;
				CLANG_WARN_SUSPICIOUS_MOVE = YES;
				CLANG_WARN_UNGUARDED_AVAILABILITY = YES_AGGRESSIVE;
				CLANG_WARN_UNREACHABLE_CODE = YES;
				CLANG_WARN__DUPLICATE_METHOD_MATCH = YES;
				COPY_PHASE_STRIP = NO;
				DEBUG_INFORMATION_FORMAT = "dwarf-with-dsym";
				ENABLE_NS_ASSERTIONS = NO;
				ENABLE_STRICT_OBJC_MSGSEND = YES;
				ENABLE_USER_SCRIPT_SANDBOXING = YES;
				GCC_C_LANGUAGE_STANDARD = gnu17;
				GCC_NO_COMMON_BLOCKS = YES;
				GCC_WARN_64_TO_32_BIT_CONVERSION = YES;
				GCC_WARN_ABOUT_RETURN_TYPE = YES_ERROR;
				GCC_WARN_UNDECLARED_SELECTOR = YES;
				GCC_WARN_UNINITIALIZED_AUTOS = YES_AGGRESSIVE;
				GCC_WARN_UNUSED_FUNCTION = YES;
				GCC_WARN_UNUSED_VARIABLE = YES;
				IPHONEOS_DEPLOYMENT_TARGET = 17.2;
				LOCALIZATION_PREFERS_STRING_CATALOGS = YES;
				MTL_ENABLE_DEBUG_INFO = NO;
				MTL_FAST_MATH = YES;
				SDKROOT = iphoneos;
				SWIFT_COMPILATION_MODE = wholemodule;
				VALIDATE_PRODUCT = YES;
			};
			name = Release;
		};
		AD3EC7182C37ADFE00E2AAF7 /* Debug */ = {
			isa = XCBuildConfiguration;
			buildSettings = {
				ASSETCATALOG_COMPILER_APPICON_NAME = AppIcon;
				ASSETCATALOG_COMPILER_GLOBAL_ACCENT_COLOR_NAME = AccentColor;
				CODE_SIGN_STYLE = Automatic;
				CURRENT_PROJECT_VERSION = 1;
				DEVELOPMENT_ASSET_PATHS = "\"KSLearning/Preview Content\"";
				ENABLE_PREVIEWS = YES;
				GENERATE_INFOPLIST_FILE = YES;
				INFOPLIST_KEY_UIApplicationSceneManifest_Generation = YES;
				INFOPLIST_KEY_UIApplicationSupportsIndirectInputEvents = YES;
				INFOPLIST_KEY_UILaunchScreen_Generation = YES;
				INFOPLIST_KEY_UISupportedInterfaceOrientations_iPad = "UIInterfaceOrientationPortrait UIInterfaceOrientationPortraitUpsideDown UIInterfaceOrientationLandscapeLeft UIInterfaceOrientationLandscapeRight";
				INFOPLIST_KEY_UISupportedInterfaceOrientations_iPhone = "UIInterfaceOrientationPortrait UIInterfaceOrientationLandscapeLeft UIInterfaceOrientationLandscapeRight";
				LD_RUNPATH_SEARCH_PATHS = (
					"$(inherited)",
					"@executable_path/Frameworks",
				);
				MARKETING_VERSION = 1.0;
				PRODUCT_BUNDLE_IDENTIFIER = com.akbarshah.KSLearning;
				PRODUCT_NAME = "$(TARGET_NAME)";
				SWIFT_EMIT_LOC_STRINGS = YES;
				SWIFT_VERSION = 5.0;
				TARGETED_DEVICE_FAMILY = "1,2";
			};
			name = Debug;
		};
		AD3EC7192C37ADFE00E2AAF7 /* Release */ = {
			isa = XCBuildConfiguration;
			buildSettings = {
				ASSETCATALOG_COMPILER_APPICON_NAME = AppIcon;
				ASSETCATALOG_COMPILER_GLOBAL_ACCENT_COLOR_NAME = AccentColor;
				CODE_SIGN_STYLE = Automatic;
				CURRENT_PROJECT_VERSION = 1;
				DEVELOPMENT_ASSET_PATHS = "\"KSLearning/Preview Content\"";
				ENABLE_PREVIEWS = YES;
				GENERATE_INFOPLIST_FILE = YES;
				INFOPLIST_KEY_UIApplicationSceneManifest_Generation = YES;
				INFOPLIST_KEY_UIApplicationSupportsIndirectInputEvents = YES;
				INFOPLIST_KEY_UILaunchScreen_Generation = YES;
				INFOPLIST_KEY_UISupportedInterfaceOrientations_iPad = "UIInterfaceOrientationPortrait UIInterfaceOrientationPortraitUpsideDown UIInterfaceOrientationLandscapeLeft UIInterfaceOrientationLandscapeRight";
				INFOPLIST_KEY_UISupportedInterfaceOrientations_iPhone = "UIInterfaceOrientationPortrait UIInterfaceOrientationLandscapeLeft UIInterfaceOrientationLandscapeRight";
				LD_RUNPATH_SEARCH_PATHS = (
					"$(inherited)",
					"@executable_path/Frameworks",
				);
				MARKETING_VERSION = 1.0;
				PRODUCT_BUNDLE_IDENTIFIER = com.akbarshah.KSLearning;
				PRODUCT_NAME = "$(TARGET_NAME)";
				SWIFT_EMIT_LOC_STRINGS = YES;
				SWIFT_VERSION = 5.0;
				TARGETED_DEVICE_FAMILY = "1,2";
			};
			name = Release;
		};
		AD3EC71B2C37ADFE00E2AAF7 /* Debug */ = {
			isa = XCBuildConfiguration;
			buildSettings = {
				ALWAYS_EMBED_SWIFT_STANDARD_LIBRARIES = YES;
				BUNDLE_LOADER = "$(TEST_HOST)";
				CODE_SIGN_STYLE = Automatic;
				CURRENT_PROJECT_VERSION = 1;
				GENERATE_INFOPLIST_FILE = YES;
				IPHONEOS_DEPLOYMENT_TARGET = 17.2;
				MARKETING_VERSION = 1.0;
				PRODUCT_BUNDLE_IDENTIFIER = com.akbarshah.KSLearningTests;
				PRODUCT_NAME = "$(TARGET_NAME)";
				SWIFT_EMIT_LOC_STRINGS = NO;
				SWIFT_VERSION = 5.0;
				TARGETED_DEVICE_FAMILY = "1,2";
				TEST_HOST = "$(BUILT_PRODUCTS_DIR)/KSLearning.app/$(BUNDLE_EXECUTABLE_FOLDER_PATH)/KSLearning";
			};
			name = Debug;
		};
		AD3EC71C2C37ADFE00E2AAF7 /* Release */ = {
			isa = XCBuildConfiguration;
			buildSettings = {
				ALWAYS_EMBED_SWIFT_STANDARD_LIBRARIES = YES;
				BUNDLE_LOADER = "$(TEST_HOST)";
				CODE_SIGN_STYLE = Automatic;
				CURRENT_PROJECT_VERSION = 1;
				GENERATE_INFOPLIST_FILE = YES;
				IPHONEOS_DEPLOYMENT_TARGET = 17.2;
				MARKETING_VERSION = 1.0;
				PRODUCT_BUNDLE_IDENTIFIER = com.akbarshah.KSLearningTests;
				PRODUCT_NAME = "$(TARGET_NAME)";
				SWIFT_EMIT_LOC_STRINGS = NO;
				SWIFT_VERSION = 5.0;
				TARGETED_DEVICE_FAMILY = "1,2";
				TEST_HOST = "$(BUILT_PRODUCTS_DIR)/KSLearning.app/$(BUNDLE_EXECUTABLE_FOLDER_PATH)/KSLearning";
			};
			name = Release;
		};
		AD3EC71E2C37ADFE00E2AAF7 /* Debug */ = {
			isa = XCBuildConfiguration;
			buildSettings = {
				ALWAYS_EMBED_SWIFT_STANDARD_LIBRARIES = YES;
				CODE_SIGN_STYLE = Automatic;
				CURRENT_PROJECT_VERSION = 1;
				GENERATE_INFOPLIST_FILE = YES;
				MARKETING_VERSION = 1.0;
				PRODUCT_BUNDLE_IDENTIFIER = com.akbarshah.KSLearningUITests;
				PRODUCT_NAME = "$(TARGET_NAME)";
				SWIFT_EMIT_LOC_STRINGS = NO;
				SWIFT_VERSION = 5.0;
				TARGETED_DEVICE_FAMILY = "1,2";
				TEST_TARGET_NAME = KSLearning;
			};
			name = Debug;
		};
		AD3EC71F2C37ADFE00E2AAF7 /* Release */ = {
			isa = XCBuildConfiguration;
			buildSettings = {
				ALWAYS_EMBED_SWIFT_STANDARD_LIBRARIES = YES;
				CODE_SIGN_STYLE = Automatic;
				CURRENT_PROJECT_VERSION = 1;
				GENERATE_INFOPLIST_FILE = YES;
				MARKETING_VERSION = 1.0;
				PRODUCT_BUNDLE_IDENTIFIER = com.akbarshah.KSLearningUITests;
				PRODUCT_NAME = "$(TARGET_NAME)";
				SWIFT_EMIT_LOC_STRINGS = NO;
				SWIFT_VERSION = 5.0;
				TARGETED_DEVICE_FAMILY = "1,2";
				TEST_TARGET_NAME = KSLearning;
			};
			name = Release;
		};
/* End XCBuildConfiguration section */

/* Begin XCConfigurationList section */
		AD3EC6EE2C37ADFC00E2AAF7 /* Build configuration list for PBXProject "KSLearning" */ = {
			isa = XCConfigurationList;
			buildConfigurations = (
				AD3EC7152C37ADFE00E2AAF7 /* Debug */,
				AD3EC7162C37ADFE00E2AAF7 /* Release */,
			);
			defaultConfigurationIsVisible = 0;
			defaultConfigurationName = Release;
		};
		AD3EC7172C37ADFE00E2AAF7 /* Build configuration list for PBXNativeTarget "KSLearning" */ = {
			isa = XCConfigurationList;
			buildConfigurations = (
				AD3EC7182C37ADFE00E2AAF7 /* Debug */,
				AD3EC7192C37ADFE00E2AAF7 /* Release */,
			);
			defaultConfigurationIsVisible = 0;
			defaultConfigurationName = Release;
		};
		AD3EC71A2C37ADFE00E2AAF7 /* Build configuration list for PBXNativeTarget "KSLearningTests" */ = {
			isa = XCConfigurationList;
			buildConfigurations = (
				AD3EC71B2C37ADFE00E2AAF7 /* Debug */,
				AD3EC71C2C37ADFE00E2AAF7 /* Release */,
			);
			defaultConfigurationIsVisible = 0;
			defaultConfigurationName = Release;
		};
		AD3EC71D2C37ADFE00E2AAF7 /* Build configuration list for PBXNativeTarget "KSLearningUITests" */ = {
			isa = XCConfigurationList;
			buildConfigurations = (
				AD3EC71E2C37ADFE00E2AAF7 /* Debug */,
				AD3EC71F2C37ADFE00E2AAF7 /* Release */,
			);
			defaultConfigurationIsVisible = 0;
			defaultConfigurationName = Release;
		};
/* End XCConfigurationList section */
	};
	rootObject = AD3EC6EB2C37ADFC00E2AAF7 /* Project object */;
}
